
Microsoft Visual Studio Solution File, Format Version 12.00
# Visual Studio Version 16
VisualStudioVersion = 16.0.29215.179
MinimumVisualStudioVersion = 10.0.40219.1
Project("{2150E333-8FDC-42A3-9474-1A3956D46DE8}") = "2 - Camada de Acesso de Dados", "2 - Camada de Acesso de Dados", "{931B3CB4-B58C-42BB-8C8C-A70A62562B41}"
EndProject
Project("{2150E333-8FDC-42A3-9474-1A3956D46DE8}") = "1 - Camada de Serviços", "1 - Camada de Serviços", "{49ED82F0-F39C-4ABA-8958-63BDC37A297F}"
EndProject
Project("{FAE04EC0-301F-11D3-BF4B-00C04F79EFBC}") = "WpfAppServices", "WpfAppServices\WpfAppServices.csproj", "{B06E1189-8D3B-456E-A75F-1E7C04627562}"
EndProject
Project("{FAE04EC0-301F-11D3-BF4B-00C04F79EFBC}") = "Projeto.Data", "Projeto.Data\Projeto.Data.csproj", "{F5E658FF-C7F8-4391-8BDF-A5EA3274F9D3}"
EndProject
Global
	GlobalSection(SolutionConfigurationPlatforms) = preSolution
		Debug|Any CPU = Debug|Any CPU
		Release|Any CPU = Release|Any CPU
	EndGlobalSection
	GlobalSection(ProjectConfigurationPlatforms) = postSolution
		{B06E1189-8D3B-456E-A75F-1E7C04627562}.Debug|Any CPU.ActiveCfg = Debug|Any CPU
		{B06E1189-8D3B-456E-A75F-1E7C04627562}.Debug|Any CPU.Build.0 = Debug|Any CPU
		{B06E1189-8D3B-456E-A75F-1E7C04627562}.Release|Any CPU.ActiveCfg = Release|Any CPU
		{B06E1189-8D3B-456E-A75F-1E7C04627562}.Release|Any CPU.Build.0 = Release|Any CPU
		{F5E658FF-C7F8-4391-8BDF-A5EA3274F9D3}.Debug|Any CPU.ActiveCfg = Debug|Any CPU
		{F5E658FF-C7F8-4391-8BDF-A5EA3274F9D3}.Debug|Any CPU.Build.0 = Debug|Any CPU
		{F5E658FF-C7F8-4391-8BDF-A5EA3274F9D3}.Release|Any CPU.ActiveCfg = Release|Any CPU
		{F5E658FF-C7F8-4391-8BDF-A5EA3274F9D3}.Release|Any CPU.Build.0 = Release|Any CPU
	EndGlobalSection
	GlobalSection(SolutionProperties) = preSolution
		HideSolutionNode = FALSE
	EndGlobalSection
	GlobalSection(NestedProjects) = preSolution
		{B06E1189-8D3B-456E-A75F-1E7C04627562} = {49ED82F0-F39C-4ABA-8958-63BDC37A297F}
		{F5E658FF-C7F8-4391-8BDF-A5EA3274F9D3} = {931B3CB4-B58C-42BB-8C8C-A70A62562B41}
	EndGlobalSection
	GlobalSection(ExtensibilityGlobals) = postSolution
		SolutionGuid = {5D26CAF6-286E-47C8-9810-DDFF0F332A3F}
	EndGlobalSection
EndGlobal
